{
  "requires": true,
  "lockfileVersion": 1,
  "dependencies": {
    "ansi-diff-stream": {
      "version": "1.2.1",
      "resolved": "https://registry.npmjs.org/ansi-diff-stream/-/ansi-diff-stream-1.2.1.tgz",
      "integrity": "sha512-PaKs34INoKpTzcjyKd2GM/CCEeTyDgWKuHSgF0z7ywjpbBFj/pzQf/30v+TR6VBBLia6Mso+W2ygU22ljqbi6A==",
      "requires": {
        "ansi-regex": "^2.0.0",
        "buffer-from": "^1.0.0",
        "through2": "^2.0.1"
      }
    },
    "ansi-regex": {
      "version": "2.1.1",
      "resolved": "https://registry.npmjs.org/ansi-regex/-/ansi-regex-2.1.1.tgz",
      "integrity": "sha1-w7M6te42DYbg5ijwRorn7yfWVN8="
    },
    "bagit-fs": {
      "version": "1.1.1",
      "resolved": "https://registry.npmjs.org/bagit-fs/-/bagit-fs-1.1.1.tgz",
      "integrity": "sha512-WrZ+8TDE9l0t4hVEXreck7/DnUQzAnjZb++NVIB52wIFcK1pQfwXbXoKDJhxVi/LaIHGj3AriE8w3q1HJkjboQ==",
      "requires": {
        "count-files": "^2.6.0",
        "minimist": "^1.2.0",
        "mirror-folder": "^1.2.2",
        "mkdirp": "^0.5.1",
        "prettier-bytes": "^1.0.3",
        "stream-collector": "^1.0.1",
        "through2": "^2.0.3"
      }
    },
    "buffer-from": {
      "version": "1.1.2",
      "resolved": "https://registry.npmjs.org/buffer-from/-/buffer-from-1.1.2.tgz",
      "integrity": "sha512-E+XQCRwSbaaiChtv6k6Dwgc+bx+Bs6vuKJHHl5kox/BaKbhiXzqQOwK4cO22yElGp2OCmjwVhT3HmxgyPGnJfQ=="
    },
    "core-util-is": {
      "version": "1.0.3",
      "resolved": "https://registry.npmjs.org/core-util-is/-/core-util-is-1.0.3.tgz",
      "integrity": "sha512-ZQBvi1DcpJ4GDqanjucZ2Hj3wEO5pZDS89BWbkcrvdxksJorwUDDZamX9ldFkp9aw2lmBDLgkObEA4DWNJ9FYQ=="
    },
    "count-files": {
      "version": "2.6.2",
      "resolved": "https://registry.npmjs.org/count-files/-/count-files-2.6.2.tgz",
      "integrity": "sha1-XIEWGX71aVJ717S9WqLAM7kJU9M=",
      "requires": {
        "neat-log": "^1.0.0",
        "prettier-bytes": "^1.0.3"
      }
    },
    "fd-read-stream": {
      "version": "1.1.0",
      "resolved": "https://registry.npmjs.org/fd-read-stream/-/fd-read-stream-1.1.0.tgz",
      "integrity": "sha1-0wPMv+4CqaVqNJP7CLy1lpGqU7E=",
      "requires": {
        "readable-stream": "^2.2.6"
      }
    },
    "inherits": {
      "version": "2.0.4",
      "resolved": "https://registry.npmjs.org/inherits/-/inherits-2.0.4.tgz",
      "integrity": "sha512-k/vGaX4/Yla3WzyMCvTQOXYeIHvqOKtnqBduzTHpzpQZzAskKMhZ2K+EnBiSM9zGSoIFeMpXKxa4dYeZIQqewQ=="
    },
    "is-fullwidth-code-point": {
      "version": "2.0.0",
      "resolved": "https://registry.npmjs.org/is-fullwidth-code-point/-/is-fullwidth-code-point-2.0.0.tgz",
      "integrity": "sha1-o7MKXE8ZkYMWeqq5O+764937ZU8="
    },
    "isarray": {
      "version": "1.0.0",
      "resolved": "https://registry.npmjs.org/isarray/-/isarray-1.0.0.tgz",
      "integrity": "sha1-u5NdSFgsuhaMBoNJV6VKPgcSTxE="
    },
    "lodash.flattendeep": {
      "version": "4.4.0",
      "resolved": "https://registry.npmjs.org/lodash.flattendeep/-/lodash.flattendeep-4.4.0.tgz",
      "integrity": "sha1-+wMJF/hqMTTlvJvsDWngAT3f7bI="
    },
    "lodash.throttle": {
      "version": "4.1.1",
      "resolved": "https://registry.npmjs.org/lodash.throttle/-/lodash.throttle-4.1.1.tgz",
      "integrity": "sha1-wj6RtxAkKscMN/HhzaknTMOb8vQ="
    },
    "minimist": {
      "version": "1.2.5",
      "resolved": "https://registry.npmjs.org/minimist/-/minimist-1.2.5.tgz",
      "integrity": "sha512-FM9nNUYrRBAELZQT3xeZQ7fmMOBg6nWNmJKTcgsJeaLstP/UODVpGsr5OhXhhXg6f+qtJ8uiZ+PUxkDWcgIXLw=="
    },
    "mirror-folder": {
      "version": "1.2.2",
      "resolved": "https://registry.npmjs.org/mirror-folder/-/mirror-folder-1.2.2.tgz",
      "integrity": "sha1-SpIJV6U2GyonoOEpqO9csUCKIXo=",
      "requires": {
        "fd-read-stream": "^1.1.0",
        "recursive-watch": "^1.1.1"
      }
    },
    "mkdirp": {
      "version": "0.5.5",
      "resolved": "https://registry.npmjs.org/mkdirp/-/mkdirp-0.5.5.tgz",
      "integrity": "sha512-NKmAlESf6jMGym1++R0Ra7wvhV+wFW63FaSOFPwRahvea0gMUcGUhVeAg/0BC0wiv9ih5NYPB1Wn1UEI1/L+xQ==",
      "requires": {
        "minimist": "^1.2.5"
      }
    },
    "nanobus": {
      "version": "3.3.0",
      "resolved": "https://registry.npmjs.org/nanobus/-/nanobus-3.3.0.tgz",
      "integrity": "sha1-vOXV1DWlNix9rX+ekM0hlZWJvoY=",
      "requires": {
        "nanotiming": "^1.0.1"
      }
    },
    "nanotiming": {
      "version": "1.0.1",
      "resolved": "https://registry.npmjs.org/nanotiming/-/nanotiming-1.0.1.tgz",
      "integrity": "sha1-E+ei4nZ5Z5dP7f/wce3Tkyf0TsM="
    },
    "neat-log": {
      "version": "1.1.2",
      "resolved": "https://registry.npmjs.org/neat-log/-/neat-log-1.1.2.tgz",
      "integrity": "sha512-LUk9cZY/FakJlQ7OcZaHakNV0AzBwfx9iqU4hwYx7NhVYBjZBeykmcHJD5y+cfVWpyaHdjIYnb+gKTVkS+DlSg==",
      "requires": {
        "lodash.throttle": "^4.1.1",
        "nanobus": "^3.0.0",
        "status-logger": "^3.1.1"
      }
    },
    "once": {
      "version": "1.4.0",
      "resolved": "https://registry.npmjs.org/once/-/once-1.4.0.tgz",
      "integrity": "sha1-WDsap3WWHUsROsF9nFC6753Xa9E=",
      "requires": {
        "wrappy": "1"
      }
    },
    "prettier-bytes": {
      "version": "1.0.4",
      "resolved": "https://registry.npmjs.org/prettier-bytes/-/prettier-bytes-1.0.4.tgz",
      "integrity": "sha1-mUsCqkb2mcULYle1+qp/4lV+YtY="
    },
    "process-nextick-args": {
      "version": "2.0.1",
      "resolved": "https://registry.npmjs.org/process-nextick-args/-/process-nextick-args-2.0.1.tgz",
      "integrity": "sha512-3ouUOpQhtgrbOa17J7+uxOTpITYWaGP7/AhoR3+A+/1e9skrzelGi/dXzEYyvbxubEF6Wn2ypscTKiKJFFn1ag=="
    },
    "readable-stream": {
      "version": "2.3.7",
      "resolved": "https://registry.npmjs.org/readable-stream/-/readable-stream-2.3.7.tgz",
      "integrity": "sha512-Ebho8K4jIbHAxnuxi7o42OrZgF/ZTNcsZj6nRKyUmkhLFq8CHItp/fy6hQZuZmP/n3yZ9VBUbp4zz/mX8hmYPw==",
      "requires": {
        "core-util-is": "~1.0.0",
        "inherits": "~2.0.3",
        "isarray": "~1.0.0",
        "process-nextick-args": "~2.0.0",
        "safe-buffer": "~5.1.1",
        "string_decoder": "~1.1.1",
        "util-deprecate": "~1.0.1"
      }
    },
    "recursive-watch": {
      "version": "1.1.4",
      "resolved": "https://registry.npmjs.org/recursive-watch/-/recursive-watch-1.1.4.tgz",
      "integrity": "sha512-fWejAmdLi7B/jipBUjTLnqId+PK+573fbGNbdaNA/AiAnQAx6OYOLCGWRs0W5+PyM1rLzZSWK2f40QpHSR49PQ==",
      "requires": {
        "ttl": "^1.3.0"
      }
    },
    "safe-buffer": {
      "version": "5.1.2",
      "resolved": "https://registry.npmjs.org/safe-buffer/-/safe-buffer-5.1.2.tgz",
      "integrity": "sha512-Gd2UZBJDkXlY7GbJxfsE8/nvKkUEU1G38c1siN6QP6a9PT9MmHB8GnpscSmMJSoF8LOIrt8ud/wPtojys4G6+g=="
    },
    "status-logger": {
      "version": "3.1.1",
      "resolved": "https://registry.npmjs.org/status-logger/-/status-logger-3.1.1.tgz",
      "integrity": "sha512-dNYazf7T9aD9XMvvP/ZZTL8nzhS1piUfFq7HVDOHFdO2LBnPMqdkS5kaoXjK7gvH/0mT6ZcafuDTSSd7DIVYAA==",
      "requires": {
        "ansi-diff-stream": "^1.2.0",
        "lodash.flattendeep": "^4.4.0",
        "wrap-ansi": "^3.0.1"
      }
    },
    "stream-collector": {
      "version": "1.0.1",
      "resolved": "https://registry.npmjs.org/stream-collector/-/stream-collector-1.0.1.tgz",
      "integrity": "sha1-TU5V8XE1YSGyxfZVn5RHBaso2xU=",
      "requires": {
        "once": "^1.3.1"
      }
    },
    "string-width": {
      "version": "2.1.1",
      "resolved": "https://registry.npmjs.org/string-width/-/string-width-2.1.1.tgz",
      "integrity": "sha512-nOqH59deCq9SRHlxq1Aw85Jnt4w6KvLKqWVik6oA9ZklXLNIOlqg4F2yrT1MVaTjAqvVwdfeZ7w7aCvJD7ugkw==",
      "requires": {
        "is-fullwidth-code-point": "^2.0.0",
        "strip-ansi": "^4.0.0"
      }
    },
    "string_decoder": {
      "version": "1.1.1",
      "resolved": "https://registry.npmjs.org/string_decoder/-/string_decoder-1.1.1.tgz",
      "integrity": "sha512-n/ShnvDi6FHbbVfviro+WojiFzv+s8MPMHBczVePfUpDJLwoLT0ht1l4YwBCbi8pJAveEEdnkHyPyTP/mzRfwg==",
      "requires": {
        "safe-buffer": "~5.1.0"
      }
    },
    "strip-ansi": {
      "version": "4.0.0",
      "resolved": "https://registry.npmjs.org/strip-ansi/-/strip-ansi-4.0.0.tgz",
      "integrity": "sha1-qEeQIusaw2iocTibY1JixQXuNo8=",
      "requires": {
        "ansi-regex": "^3.0.0"
      },
      "dependencies": {
        "ansi-regex": {
          "version": "3.0.0",
          "resolved": "https://registry.npmjs.org/ansi-regex/-/ansi-regex-3.0.0.tgz",
          "integrity": "sha1-7QMXwyIGT3lGbAKWa922Bas32Zg="
        }
      }
    },
    "through2": {
      "version": "2.0.5",
      "resolved": "https://registry.npmjs.org/through2/-/through2-2.0.5.tgz",
      "integrity": "sha512-/mrRod8xqpA+IHSLyGCQ2s8SPHiCDEeQJSep1jqLYeEUClOFG2Qsh+4FU6G9VeqpZnGW/Su8LQGc4YKni5rYSQ==",
      "requires": {
        "readable-stream": "~2.3.6",
        "xtend": "~4.0.1"
      }
    },
    "ttl": {
      "version": "1.3.1",
      "resolved": "https://registry.npmjs.org/ttl/-/ttl-1.3.1.tgz",
      "integrity": "sha512-+bGy9iDAqg3WSfc2ZrprToSPJhZjqy7vUv9wupQzsiv+BVPVx1T2a6G4T0290SpQj+56Toaw9BiLO5j5Bd7QzA=="
    },
    "util-deprecate": {
      "version": "1.0.2",
      "resolved": "https://registry.npmjs.org/util-deprecate/-/util-deprecate-1.0.2.tgz",
      "integrity": "sha1-RQ1Nyfpw3nMnYvvS1KKJgUGaDM8="
    },
    "wrap-ansi": {
      "version": "3.0.1",
      "resolved": "https://registry.npmjs.org/wrap-ansi/-/wrap-ansi-3.0.1.tgz",
      "integrity": "sha1-KIoE2H7aXChuBg3+jxNc6NAH+Lo=",
      "requires": {
        "string-width": "^2.1.1",
        "strip-ansi": "^4.0.0"
      }
    },
    "wrappy": {
      "version": "1.0.2",
      "resolved": "https://registry.npmjs.org/wrappy/-/wrappy-1.0.2.tgz",
      "integrity": "sha1-tSQ9jz7BqjXxNkYFvA0QNuMKtp8="
    },
    "xtend": {
      "version": "4.0.2",
      "resolved": "https://registry.npmjs.org/xtend/-/xtend-4.0.2.tgz",
      "integrity": "sha512-LKYU1iAXJXUgAXn9URjiu+MWhyUXHsvfp7mcuYm9dSUKK0/CjtrUwFAxD82/mCWbtLsGjFIad0wIsod4zrTAEQ=="
    }
  }
}
